// !$*UTF8*$!
{
	archiveVersion = 1;
	classes = {
	};
	objectVersion = 46;
	objects = {

/* Begin PBXBuildFile section */
		7C07DA2B1E8D35C1008FC5AC /* DragCVCellViewController.swift in Sources */ = {isa = PBXBuildFile; fileRef = 7C07DA2A1E8D35C1008FC5AC /* DragCVCellViewController.swift */; };
		7C07DA2D1E8D41BE008FC5AC /* View1ViewController.swift in Sources */ = {isa = PBXBuildFile; fileRef = 7C07DA2C1E8D41BE008FC5AC /* View1ViewController.swift */; };
		7C07DA2F1E8D41C8008FC5AC /* View2ViewController.swift in Sources */ = {isa = PBXBuildFile; fileRef = 7C07DA2E1E8D41C8008FC5AC /* View2ViewController.swift */; };
		7C07DA311E8D41D2008FC5AC /* View3ViewController.swift in Sources */ = {isa = PBXBuildFile; fileRef = 7C07DA301E8D41D2008FC5AC /* View3ViewController.swift */; };
		7C9B9EAF1E8C37FA009230EB /* AppDelegate.swift in Sources */ = {isa = PBXBuildFile; fileRef = 7C9B9EAE1E8C37FA009230EB /* AppDelegate.swift */; };
		7C9B9EB11E8C37FA009230EB /* ViewController.swift in Sources */ = {isa = PBXBuildFile; fileRef = 7C9B9EB01E8C37FA009230EB /* ViewController.swift */; };
		7C9B9EB41E8C37FA009230EB /* Main.storyboard in Resources */ = {isa = PBXBuildFile; fileRef = 7C9B9EB21E8C37FA009230EB /* Main.storyboard */; };
		7C9B9EB61E8C37FA009230EB /* Assets.xcassets in Resources */ = {isa = PBXBuildFile; fileRef = 7C9B9EB51E8C37FA009230EB /* Assets.xcassets */; };
		7C9B9EB91E8C37FA009230EB /* LaunchScreen.storyboard in Resources */ = {isa = PBXBuildFile; fileRef = 7C9B9EB71E8C37FA009230EB /* LaunchScreen.storyboard */; };
		7C9B9EC11E8C3850009230EB /* DoubleCollectionsViewController.swift in Sources */ = {isa = PBXBuildFile; fileRef = 7C9B9EC01E8C3850009230EB /* DoubleCollectionsViewController.swift */; };
/* End PBXBuildFile section */

/* Begin PBXFileReference section */
		7C07DA2A1E8D35C1008FC5AC /* DragCVCellViewController.swift */ = {isa = PBXFileReference; fileEncoding = 4; lastKnownFileType = sourcecode.swift; path = DragCVCellViewController.swift; sourceTree = "<group>"; };
		7C07DA2C1E8D41BE008FC5AC /* View1ViewController.swift */ = {isa = PBXFileReference; fileEncoding = 4; lastKnownFileType = sourcecode.swift; path = View1ViewController.swift; sourceTree = "<group>"; };
		7C07DA2E1E8D41C8008FC5AC /* View2ViewController.swift */ = {isa = PBXFileReference; fileEncoding = 4; lastKnownFileType = sourcecode.swift; path = View2ViewController.swift; sourceTree = "<group>"; };
		7C07DA301E8D41D2008FC5AC /* View3ViewController.swift */ = {isa = PBXFileReference; fileEncoding = 4; lastKnownFileType = sourcecode.swift; path = View3ViewController.swift; sourceTree = "<group>"; };
		7C9B9EAB1E8C37FA009230EB /* SWCollectionView.app */ = {isa = PBXFileReference; explicitFileType = wrapper.application; includeInIndex = 0; path = SWCollectionView.app; sourceTree = BUILT_PRODUCTS_DIR; };
		7C9B9EAE1E8C37FA009230EB /* AppDelegate.swift */ = {isa = PBXFileReference; lastKnownFileType = sourcecode.swift; path = AppDelegate.swift; sourceTree = "<group>"; };
		7C9B9EB01E8C37FA009230EB /* ViewController.swift */ = {isa = PBXFileReference; lastKnownFileType = sourcecode.swift; path = ViewController.swift; sourceTree = "<group>"; };
		7C9B9EB31E8C37FA009230EB /* Base */ = {isa = PBXFileReference; lastKnownFileType = file.storyboard; name = Base; path = Base.lproj/Main.storyboard; sourceTree = "<group>"; };
		7C9B9EB51E8C37FA009230EB /* Assets.xcassets */ = {isa = PBXFileReference; lastKnownFileType = folder.assetcatalog; path = Assets.xcassets; sourceTree = "<group>"; };
		7C9B9EB81E8C37FA009230EB /* Base */ = {isa = PBXFileReference; lastKnownFileType = file.storyboard; name = Base; path = Base.lproj/LaunchScreen.storyboard; sourceTree = "<group>"; };
		7C9B9EBA1E8C37FA009230EB /* Info.plist */ = {isa = PBXFileReference; lastKnownFileType = text.plist.xml; path = Info.plist; sourceTree = "<group>"; };
		7C9B9EC01E8C3850009230EB /* DoubleCollectionsViewController.swift */ = {isa = PBXFileReference; fileEncoding = 4; lastKnownFileType = sourcecode.swift; path = DoubleCollectionsViewController.swift; sourceTree = "<group>"; };
/* End PBXFileReference section */

/* Begin PBXFrameworksBuildPhase section */
		7C9B9EA81E8C37F9009230EB /* Frameworks */ = {
			isa = PBXFrameworksBuildPhase;
			buildActionMask = 2147483647;
			files = (
			);
			runOnlyForDeploymentPostprocessing = 0;
		};
/* End PBXFrameworksBuildPhase section */

/* Begin PBXGroup section */
		7C9B9EA21E8C37F9009230EB = {
			isa = PBXGroup;
			children = (
				7C9B9EAD1E8C37FA009230EB /* SWCollectionView */,
				7C9B9EAC1E8C37FA009230EB /* Products */,
			);
			sourceTree = "<group>";
		};
		7C9B9EAC1E8C37FA009230EB /* Products */ = {
			isa = PBXGroup;
			children = (
				7C9B9EAB1E8C37FA009230EB /* SWCollectionView.app */,
			);
			name = Products;
			sourceTree = "<group>";
		};
		7C9B9EAD1E8C37FA009230EB /* SWCollectionView */ = {
			isa = PBXGroup;
			children = (
				7C9B9EAE1E8C37FA009230EB /* AppDelegate.swift */,
				7C9B9EB01E8C37FA009230EB /* ViewController.swift */,
				7C9B9EB21E8C37FA009230EB /* Main.storyboard */,
				7C9B9EB51E8C37FA009230EB /* Assets.xcassets */,
				7C9B9EB71E8C37FA009230EB /* LaunchScreen.storyboard */,
				7C9B9EBA1E8C37FA009230EB /* Info.plist */,
				7C9B9EC01E8C3850009230EB /* DoubleCollectionsViewController.swift */,
				7C07DA2A1E8D35C1008FC5AC /* DragCVCellViewController.swift */,
				7C07DA2C1E8D41BE008FC5AC /* View1ViewController.swift */,
				7C07DA2E1E8D41C8008FC5AC /* View2ViewController.swift */,
				7C07DA301E8D41D2008FC5AC /* View3ViewController.swift */,
			);
			path = SWCollectionView;
			sourceTree = "<group>";
		};
/* End PBXGroup section */

/* Begin PBXNativeTarget section */
		7C9B9EAA1E8C37F9009230EB /* SWCollectionView */ = {
			isa = PBXNativeTarget;
			buildConfigurationList = 7C9B9EBD1E8C37FA009230EB /* Build configuration list for PBXNativeTarget "SWCollectionView" */;
			buildPhases = (
				7C9B9EA71E8C37F9009230EB /* Sources */,
				7C9B9EA81E8C37F9009230EB /* Frameworks */,
				7C9B9EA91E8C37F9009230EB /* Resources */,
			);
			buildRules = (
			);
			dependencies = (
			);
			name = SWCollectionView;
			productName = SWCollectionView;
			productReference = 7C9B9EAB1E8C37FA009230EB /* SWCollectionView.app */;
			productType = "com.apple.product-type.application";
		};
/* End PBXNativeTarget section */

/* Begin PBXProject section */
		7C9B9EA31E8C37F9009230EB /* Project object */ = {
			isa = PBXProject;
			attributes = {
				LastSwiftUpdateCheck = 0820;
				LastUpgradeCheck = 0820;
				ORGANIZATIONNAME = DonMag;
				TargetAttributes = {
					7C9B9EAA1E8C37F9009230EB = {
						CreatedOnToolsVersion = 8.2.1;
						ProvisioningStyle = Automatic;
					};
				};
			};
			buildConfigurationList = 7C9B9EA61E8C37F9009230EB /* Build configuration list for PBXProject "SWCollectionView" */;
			compatibilityVersion = "Xcode 3.2";
			developmentRegion = English;
			hasScannedForEncodings = 0;
			knownRegions = (
				en,
				Base,
			);
			mainGroup = 7C9B9EA21E8C37F9009230EB;
			productRefGroup = 7C9B9EAC1E8C37FA009230EB /* Products */;
			projectDirPath = "";
			projectRoot = "";
			targets = (
				7C9B9EAA1E8C37F9009230EB /* SWCollectionView */,
			);
		};
/* End PBXProject section */

/* Begin PBXResourcesBuildPhase section */
		7C9B9EA91E8C37F9009230EB /* Resources */ = {
			isa = PBXResourcesBuildPhase;
			buildActionMask = 2147483647;
			files = (
				7C9B9EB91E8C37FA009230EB /* LaunchScreen.storyboard in Resources */,
				7C9B9EB61E8C37FA009230EB /* Assets.xcassets in Resources */,
				7C9B9EB41E8C37FA009230EB /* Main.storyboard in Resources */,
			);
			runOnlyForDeploymentPostprocessing = 0;
		};
/* End PBXResourcesBuildPhase section */

/* Begin PBXSourcesBuildPhase section */
		7C9B9EA71E8C37F9009230EB /* Sources */ = {
			isa = PBXSourcesBuildPhase;
			buildActionMask = 2147483647;
			files = (
				7C07DA311E8D41D2008FC5AC /* View3ViewController.swift in Sources */,
				7C07DA2D1E8D41BE008FC5AC /* View1ViewController.swift in Sources */,
				7C9B9EC11E8C3850009230EB /* DoubleCollectionsViewController.swift in Sources */,
				7C9B9EB11E8C37FA009230EB /* ViewController.swift in Sources */,
				7C9B9EAF1E8C37FA009230EB /* AppDelegate.swift in Sources */,
				7C07DA2F1E8D41C8008FC5AC /* View2ViewController.swift in Sources */,
				7C07DA2B1E8D35C1008FC5AC /* DragCVCellViewController.swift in Sources */,
			);
			runOnlyForDeploymentPostprocessing = 0;
		};
/* End PBXSourcesBuildPhase section */

/* Begin PBXVariantGroup section */
		7C9B9EB21E8C37FA009230EB /* Main.storyboard */ = {
			isa = PBXVariantGroup;
			children = (
				7C9B9EB31E8C37FA009230EB /* Base */,
			);
			name = Main.storyboard;
			sourceTree = "<group>";
		};
		7C9B9EB71E8C37FA009230EB /* LaunchScreen.storyboard */ = {
			isa = PBXVariantGroup;
			children = (
				7C9B9EB81E8C37FA009230EB /* Base */,
			);
			name = LaunchScreen.storyboard;
			sourceTree = "<group>";
		};
/* End PBXVariantGroup section */

/* Begin XCBuildConfiguration section */
		7C9B9EBB1E8C37FA009230EB /* Debug */ = {
			isa = XCBuildConfiguration;
			buildSettings = {
				ALWAYS_SEARCH_USER_PATHS = NO;
				CLANG_ANALYZER_NONNULL = YES;
				CLANG_CXX_LANGUAGE_STANDARD = "gnu++0x";
				CLANG_CXX_LIBRARY = "libc++";
				CLANG_ENABLE_MODULES = YES;
				CLANG_ENABLE_OBJC_ARC = YES;
				CLANG_WARN_BOOL_CONVERSION = YES;
				CLANG_WARN_CONSTANT_CONVERSION = YES;
				CLANG_WARN_DIRECT_OBJC_ISA_USAGE = YES_ERROR;
				CLANG_WARN_DOCUMENTATION_COMMENTS = YES;
				CLANG_WARN_EMPTY_BODY = YES;
				CLANG_WARN_ENUM_CONVERSION = YES;
				CLANG_WARN_INFINITE_RECURSION = YES;
				CLANG_WARN_INT_CONVERSION = YES;
				CLANG_WARN_OBJC_ROOT_CLASS = YES_ERROR;
				CLANG_WARN_SUSPICIOUS_MOVE = YES;
				CLANG_WARN_UNREACHABLE_CODE = YES;
				CLANG_WARN__DUPLICATE_METHOD_MATCH = YES;
				"CODE_SIGN_IDENTITY[sdk=iphoneos*]" = "iPhone Developer";
				COPY_PHASE_STRIP = NO;
				DEBUG_INFORMATION_FORMAT = dwarf;
				ENABLE_STRICT_OBJC_MSGSEND = YES;
				ENABLE_TESTABILITY = YES;
				GCC_C_LANGUAGE_STANDARD = gnu99;
				GCC_DYNAMIC_NO_PIC = NO;
				GCC_NO_COMMON_BLOCKS = YES;
				GCC_OPTIMIZATION_LEVEL = 0;
				GCC_PREPROCESSOR_DEFINITIONS = (
					"DEBUG=1",
					"$(inherited)",
				);
				GCC_WARN_64_TO_32_BIT_CONVERSION = YES;
				GCC_WARN_ABOUT_RETURN_TYPE = YES_ERROR;
				GCC_WARN_UNDECLARED_SELECTOR = YES;
				GCC_WARN_UNINITIALIZED_AUTOS = YES_AGGRESSIVE;
				GCC_WARN_UNUSED_FUNCTION = YES;
				GCC_WARN_UNUSED_VARIABLE = YES;
				IPHONEOS_DEPLOYMENT_TARGET = 10.2;
				MTL_ENABLE_DEBUG_INFO = YES;
				ONLY_ACTIVE_ARCH = YES;
				SDKROOT = iphoneos;
				SWIFT_ACTIVE_COMPILATION_CONDITIONS = DEBUG;
				SWIFT_OPTIMIZATION_LEVEL = "-Onone";
				TARGETED_DEVICE_FAMILY = "1,2";
			};
			name = Debug;
		};
		7C9B9EBC1E8C37FA009230EB /* Release */ = {
			isa = XCBuildConfiguration;
			buildSettings = {
				ALWAYS_SEARCH_USER_PATHS = NO;
				CLANG_ANALYZER_NONNULL = YES;
				CLANG_CXX_LANGUAGE_STANDARD = "gnu++0x";
				CLANG_CXX_LIBRARY = "libc++";
				CLANG_ENABLE_MODULES = YES;
				CLANG_ENABLE_OBJC_ARC = YES;
				CLANG_WARN_BOOL_CONVERSION = YES;
				CLANG_WARN_CONSTANT_CONVERSION = YES;
				CLANG_WARN_DIRECT_OBJC_ISA_USAGE = YES_ERROR;
				CLANG_WARN_DOCUMENTATION_COMMENTS = YES;
				CLANG_WARN_EMPTY_BODY = YES;
				CLANG_WARN_ENUM_CONVERSION = YES;
				CLANG_WARN_INFINITE_RECURSION = YES;
				CLANG_WARN_INT_CONVERSION = YES;
				CLANG_WARN_OBJC_ROOT_CLASS = YES_ERROR;
				CLANG_WARN_SUSPICIOUS_MOVE = YES;
				CLANG_WARN_UNREACHABLE_CODE = YES;
				CLANG_WARN__DUPLICATE_METHOD_MATCH = YES;
				"CODE_SIGN_IDENTITY[sdk=iphoneos*]" = "iPhone Developer";
				COPY_PHASE_STRIP = NO;
				DEBUG_INFORMATION_FORMAT = "dwarf-with-dsym";
				ENABLE_NS_ASSERTIONS = NO;
				ENABLE_STRICT_OBJC_MSGSEND = YES;
				GCC_C_LANGUAGE_STANDARD = gnu99;
				GCC_NO_COMMON_BLOCKS = YES;
				GCC_WARN_64_TO_32_BIT_CONVERSION = YES;
				GCC_WARN_ABOUT_RETURN_TYPE = YES_ERROR;
				GCC_WARN_UNDECLARED_SELECTOR = YES;
				GCC_WARN_UNINITIALIZED_AUTOS = YES_AGGRESSIVE;
				GCC_WARN_UNUSED_FUNCTION = YES;
				GCC_WARN_UNUSED_VARIABLE = YES;
				IPHONEOS_DEPLOYMENT_TARGET = 10.2;
				MTL_ENABLE_DEBUG_INFO = NO;
				SDKROOT = iphoneos;
				SWIFT_OPTIMIZATION_LEVEL = "-Owholemodule";
				TARGETED_DEVICE_FAMILY = "1,2";
				VALIDATE_PRODUCT = YES;
			};
			name = Release;
		};
		7C9B9EBE1E8C37FA009230EB /* Debug */ = {
			isa = XCBuildConfiguration;
			buildSettings = {
				ASSETCATALOG_COMPILER_APPICON_NAME = AppIcon;
				INFOPLIST_FILE = SWCollectionView/Info.plist;
				LD_RUNPATH_SEARCH_PATHS = "$(inherited) @executable_path/Frameworks";
				PRODUCT_BUNDLE_IDENTIFIER = com.DonMag.SWCollectionView;
				PRODUCT_NAME = "$(TARGET_NAME)";
				SWIFT_VERSION = 3.0;
			};
			name = Debug;
		};
		7C9B9EBF1E8C37FA009230EB /* Release */ = {
			isa = XCBuildConfiguration;
			buildSettings = {
				ASSETCATALOG_COMPILER_APPICON_NAME = AppIcon;
				INFOPLIST_FILE = SWCollectionView/Info.plist;
				LD_RUNPATH_SEARCH_PATHS = "$(inherited) @executable_path/Frameworks";
				PRODUCT_BUNDLE_IDENTIFIER = com.DonMag.SWCollectionView;
				PRODUCT_NAME = "$(TARGET_NAME)";
				SWIFT_VERSION = 3.0;
			};
			name = Release;
		};
/* End XCBuildConfiguration section */

/* Begin XCConfigurationList section */
		7C9B9EA61E8C37F9009230EB /* Build configuration list for PBXProject "SWCollectionView" */ = {
			isa = XCConfigurationList;
			buildConfigurations = (
				7C9B9EBB1E8C37FA009230EB /* Debug */,
				7C9B9EBC1E8C37FA009230EB /* Release */,
			);
			defaultConfigurationIsVisible = 0;
			defaultConfigurationName = Release;
		};
		7C9B9EBD1E8C37FA009230EB /* Build configuration list for PBXNativeTarget "SWCollectionView" */ = {
			isa = XCConfigurationList;
			buildConfigurations = (
				7C9B9EBE1E8C37FA009230EB /* Debug */,
				7C9B9EBF1E8C37FA009230EB /* Release */,
			);
			defaultConfigurationIsVisible = 0;
			defaultConfigurationName = Release;
		};
/* End XCConfigurationList section */
	};
	rootObject = 7C9B9EA31E8C37F9009230EB /* Project object */;
}
